
Microsoft Visual Studio Solution File, Format Version 12.00
# Visual Studio Version 17
VisualStudioVersion = 17.14.36414.22
MinimumVisualStudioVersion = 10.0.40219.1
Project("{FAE04EC0-301F-11D3-BF4B-00C04F79EFBC}") = "mindmap-back", "mindmap-back\mindmap-back.csproj", "{C7D25E03-E504-48EB-A060-8654BF3158AD}"
EndProject
Project("{FAE04EC0-301F-11D3-BF4B-00C04F79EFBC}") = "mindmap-back.Tests", "mindmap-back.Tests\mindmap-back.Tests.csproj", "{C5A86EE9-5A17-4603-9CEB-B26C78306033}"
EndProject
Global
	GlobalSection(SolutionConfigurationPlatforms) = preSolution
		Debug|Any CPU = Debug|Any CPU
		Debug|x64 = Debug|x64
		Debug|x86 = Debug|x86
		Release|Any CPU = Release|Any CPU
		Release|x64 = Release|x64
		Release|x86 = Release|x86
	EndGlobalSection
	GlobalSection(ProjectConfigurationPlatforms) = postSolution
		{C7D25E03-E504-48EB-A060-8654BF3158AD}.Debug|Any CPU.ActiveCfg = Debug|Any CPU
		{C7D25E03-E504-48EB-A060-8654BF3158AD}.Debug|Any CPU.Build.0 = Debug|Any CPU
		{C7D25E03-E504-48EB-A060-8654BF3158AD}.Debug|x64.ActiveCfg = Debug|Any CPU
		{C7D25E03-E504-48EB-A060-8654BF3158AD}.Debug|x64.Build.0 = Debug|Any CPU
		{C7D25E03-E504-48EB-A060-8654BF3158AD}.Debug|x86.ActiveCfg = Debug|Any CPU
		{C7D25E03-E504-48EB-A060-8654BF3158AD}.Debug|x86.Build.0 = Debug|Any CPU
		{C7D25E03-E504-48EB-A060-8654BF3158AD}.Release|Any CPU.ActiveCfg = Release|Any CPU
		{C7D25E03-E504-48EB-A060-8654BF3158AD}.Release|Any CPU.Build.0 = Release|Any CPU
		{C7D25E03-E504-48EB-A060-8654BF3158AD}.Release|x64.ActiveCfg = Release|Any CPU
		{C7D25E03-E504-48EB-A060-8654BF3158AD}.Release|x64.Build.0 = Release|Any CPU
		{C7D25E03-E504-48EB-A060-8654BF3158AD}.Release|x86.ActiveCfg = Release|Any CPU
		{C7D25E03-E504-48EB-A060-8654BF3158AD}.Release|x86.Build.0 = Release|Any CPU
		{C5A86EE9-5A17-4603-9CEB-B26C78306033}.Debug|Any CPU.ActiveCfg = Debug|Any CPU
		{C5A86EE9-5A17-4603-9CEB-B26C78306033}.Debug|Any CPU.Build.0 = Debug|Any CPU
		{C5A86EE9-5A17-4603-9CEB-B26C78306033}.Debug|x64.ActiveCfg = Debug|Any CPU
		{C5A86EE9-5A17-4603-9CEB-B26C78306033}.Debug|x64.Build.0 = Debug|Any CPU
		{C5A86EE9-5A17-4603-9CEB-B26C78306033}.Debug|x86.ActiveCfg = Debug|Any CPU
		{C5A86EE9-5A17-4603-9CEB-B26C78306033}.Debug|x86.Build.0 = Debug|Any CPU
		{C5A86EE9-5A17-4603-9CEB-B26C78306033}.Release|Any CPU.ActiveCfg = Release|Any CPU
		{C5A86EE9-5A17-4603-9CEB-B26C78306033}.Release|Any CPU.Build.0 = Release|Any CPU
		{C5A86EE9-5A17-4603-9CEB-B26C78306033}.Release|x64.ActiveCfg = Release|Any CPU
		{C5A86EE9-5A17-4603-9CEB-B26C78306033}.Release|x64.Build.0 = Release|Any CPU
		{C5A86EE9-5A17-4603-9CEB-B26C78306033}.Release|x86.ActiveCfg = Release|Any CPU
		{C5A86EE9-5A17-4603-9CEB-B26C78306033}.Release|x86.Build.0 = Release|Any CPU
	EndGlobalSection
	GlobalSection(SolutionProperties) = preSolution
		HideSolutionNode = FALSE
	EndGlobalSection
	GlobalSection(ExtensibilityGlobals) = postSolution
		SolutionGuid = {41546996-532D-497B-BD8D-6365EC199B8B}
	EndGlobalSection
EndGlobal
